
Microsoft Visual Studio Solution File, Format Version 12.00
# Visual Studio Version 17
VisualStudioVersion = 17.1.32210.238
MinimumVisualStudioVersion = 10.0.40219.1
Project("{9A19103F-16F7-4668-BE54-9A1E7A4F7556}") = "coreNXTProtoV1.Server", "coreNXTProtoV1.Server\coreNXTProtoV1.Server.csproj", "{D37B7338-928A-4B25-B58E-29B63499E1D1}"
EndProject
Project("{9A19103F-16F7-4668-BE54-9A1E7A4F7556}") = "coreNXTProtoV1.Business", "coreNXTProtoV1.Business\coreNXTProtoV1.Business.csproj", "{19E3C5AC-8BD0-4576-932C-884E5A6D67C2}"
EndProject
Project("{9A19103F-16F7-4668-BE54-9A1E7A4F7556}") = "coreNXTProtoV1.Common", "coreNXTProtoV1.Common\coreNXTProtoV1.Common.csproj", "{966381C0-4F66-44CF-8D8D-6EE810CEEFBA}"
EndProject
Project("{9A19103F-16F7-4668-BE54-9A1E7A4F7556}") = "coreNXTProtoV1.DataAccess", "coreNXTProtoV1.DataAccess\coreNXTProtoV1.DataAccess.csproj", "{E9A83996-C5BC-47FE-8CA3-6BF7B733B03E}"
EndProject
Project("{9A19103F-16F7-4668-BE54-9A1E7A4F7556}") = "coreNXTProtoV1.Models", "coreNXTProtoV1.Models\coreNXTProtoV1.Models.csproj", "{E10DC5A3-F3AE-4BA3-98FE-1F9B9CE454F7}"
EndProject
Project("{FAE04EC0-301F-11D3-BF4B-00C04F79EFBC}") = "coreNXTProtoV1.API", "coreNXTProtoV1.API\coreNXTProtoV1.API.csproj", "{D45DD5CC-5874-40AC-BD5B-D67AF2B146F9}"
EndProject
Project("{FAE04EC0-301F-11D3-BF4B-00C04F79EFBC}") = "coreNXTProtoV1.Client", "coreNXTProtoV1.Client\coreNXTProtoV1.Client.csproj", "{4571F977-2B29-4F20-9162-BF243E904AF5}"
EndProject
Global
	GlobalSection(SolutionConfigurationPlatforms) = preSolution
		Debug|Any CPU = Debug|Any CPU
		Release|Any CPU = Release|Any CPU
	EndGlobalSection
	GlobalSection(ProjectConfigurationPlatforms) = postSolution
		{D37B7338-928A-4B25-B58E-29B63499E1D1}.Debug|Any CPU.ActiveCfg = Debug|Any CPU
		{D37B7338-928A-4B25-B58E-29B63499E1D1}.Debug|Any CPU.Build.0 = Debug|Any CPU
		{D37B7338-928A-4B25-B58E-29B63499E1D1}.Release|Any CPU.ActiveCfg = Release|Any CPU
		{D37B7338-928A-4B25-B58E-29B63499E1D1}.Release|Any CPU.Build.0 = Release|Any CPU
		{19E3C5AC-8BD0-4576-932C-884E5A6D67C2}.Debug|Any CPU.ActiveCfg = Debug|Any CPU
		{19E3C5AC-8BD0-4576-932C-884E5A6D67C2}.Debug|Any CPU.Build.0 = Debug|Any CPU
		{19E3C5AC-8BD0-4576-932C-884E5A6D67C2}.Release|Any CPU.ActiveCfg = Release|Any CPU
		{19E3C5AC-8BD0-4576-932C-884E5A6D67C2}.Release|Any CPU.Build.0 = Release|Any CPU
		{966381C0-4F66-44CF-8D8D-6EE810CEEFBA}.Debug|Any CPU.ActiveCfg = Debug|Any CPU
		{966381C0-4F66-44CF-8D8D-6EE810CEEFBA}.Debug|Any CPU.Build.0 = Debug|Any CPU
		{966381C0-4F66-44CF-8D8D-6EE810CEEFBA}.Release|Any CPU.ActiveCfg = Release|Any CPU
		{966381C0-4F66-44CF-8D8D-6EE810CEEFBA}.Release|Any CPU.Build.0 = Release|Any CPU
		{E9A83996-C5BC-47FE-8CA3-6BF7B733B03E}.Debug|Any CPU.ActiveCfg = Debug|Any CPU
		{E9A83996-C5BC-47FE-8CA3-6BF7B733B03E}.Debug|Any CPU.Build.0 = Debug|Any CPU
		{E9A83996-C5BC-47FE-8CA3-6BF7B733B03E}.Release|Any CPU.ActiveCfg = Release|Any CPU
		{E9A83996-C5BC-47FE-8CA3-6BF7B733B03E}.Release|Any CPU.Build.0 = Release|Any CPU
		{E10DC5A3-F3AE-4BA3-98FE-1F9B9CE454F7}.Debug|Any CPU.ActiveCfg = Debug|Any CPU
		{E10DC5A3-F3AE-4BA3-98FE-1F9B9CE454F7}.Debug|Any CPU.Build.0 = Debug|Any CPU
		{E10DC5A3-F3AE-4BA3-98FE-1F9B9CE454F7}.Release|Any CPU.ActiveCfg = Release|Any CPU
		{E10DC5A3-F3AE-4BA3-98FE-1F9B9CE454F7}.Release|Any CPU.Build.0 = Release|Any CPU
		{D45DD5CC-5874-40AC-BD5B-D67AF2B146F9}.Debug|Any CPU.ActiveCfg = Debug|Any CPU
		{D45DD5CC-5874-40AC-BD5B-D67AF2B146F9}.Debug|Any CPU.Build.0 = Debug|Any CPU
		{D45DD5CC-5874-40AC-BD5B-D67AF2B146F9}.Release|Any CPU.ActiveCfg = Release|Any CPU
		{D45DD5CC-5874-40AC-BD5B-D67AF2B146F9}.Release|Any CPU.Build.0 = Release|Any CPU
		{4571F977-2B29-4F20-9162-BF243E904AF5}.Debug|Any CPU.ActiveCfg = Debug|Any CPU
		{4571F977-2B29-4F20-9162-BF243E904AF5}.Debug|Any CPU.Build.0 = Debug|Any CPU
		{4571F977-2B29-4F20-9162-BF243E904AF5}.Release|Any CPU.ActiveCfg = Release|Any CPU
		{4571F977-2B29-4F20-9162-BF243E904AF5}.Release|Any CPU.Build.0 = Release|Any CPU
	EndGlobalSection
	GlobalSection(SolutionProperties) = preSolution
		HideSolutionNode = FALSE
	EndGlobalSection
	GlobalSection(ExtensibilityGlobals) = postSolution
		SolutionGuid = {7D041397-5422-4E38-8DD5-8A005AE0869A}
	EndGlobalSection
EndGlobal
